{
  "version": 4,
  "terraform_version": "1.9.4",
  "serial": 58,
  "lineage": "c0e3f692-43c9-63f8-c36d-336aaf2f7572",
  "outputs": {
    "invoke_url": {
      "value": "https://l294gwz2m9.execute-api.eu-north-1.amazonaws.com/v1/identity/oidc/plugins/.well-known/openid-configuration",
      "type": "string"
    },
    "proxy_url": {
      "value": "https://vault-plugin-wif.jrepnak.sbx.hashidemos.io/v1/identity/oidc/plugins/.well-known/openid-configuration",
      "type": "string"
    }
  },
  "resources": [
    {
      "mode": "data",
      "type": "aws_route53_zone",
      "name": "example",
      "provider": "provider[\"registry.terraform.io/hashicorp/aws\"]",
      "instances": [
        {
          "schema_version": 0,
          "attributes": {
            "arn": "arn:aws:route53:::hostedzone/Z02636402ZGQ9YYR3M24I",
            "caller_reference": "1678496505.123354",
            "comment": "",
            "id": "Z02636402ZGQ9YYR3M24I",
            "linked_service_description": null,
            "linked_service_principal": null,
            "name": "jrepnak.sbx.hashidemos.io",
            "name_servers": [
              "ns-1957.awsdns-52.co.uk",
              "ns-402.awsdns-50.com",
              "ns-633.awsdns-15.net",
              "ns-1475.awsdns-56.org"
            ],
            "primary_name_server": "ns-1957.awsdns-52.co.uk",
            "private_zone": false,
            "resource_record_set_count": 4,
            "tags": {
              "hc-config-as-code": "no-config-as-code",
              "hc-owner": "team-cloudsec@hashicorp.com",
              "hc-repo": "github.com/hashicorp/doormat"
            },
            "vpc_id": null,
            "zone_id": "Z02636402ZGQ9YYR3M24I"
          },
          "sensitive_attributes": []
        }
      ]
    },
    {
      "mode": "managed",
      "type": "aws_acm_certificate",
      "name": "example",
      "provider": "provider[\"registry.terraform.io/hashicorp/aws\"]",
      "instances": [
        {
          "schema_version": 0,
          "attributes": {
            "arn": "arn:aws:acm:eu-north-1:143332470013:certificate/28695d8c-d5c7-44c7-b62b-0b99050c7edd",
            "certificate_authority_arn": "",
            "certificate_body": null,
            "certificate_chain": null,
            "domain_name": "vault-plugin-wif.jrepnak.sbx.hashidemos.io",
            "domain_validation_options": [
              {
                "domain_name": "vault-plugin-wif.jrepnak.sbx.hashidemos.io",
                "resource_record_name": "_4e62b75262916308963da587d05457df.vault-plugin-wif.jrepnak.sbx.hashidemos.io.",
                "resource_record_type": "CNAME",
                "resource_record_value": "_4d4269a5dfd8c3a07d98e498c6c52af4.sdgjtdhdhz.acm-validations.aws."
              }
            ],
            "early_renewal_duration": "",
            "id": "arn:aws:acm:eu-north-1:143332470013:certificate/28695d8c-d5c7-44c7-b62b-0b99050c7edd",
            "key_algorithm": "RSA_2048",
            "not_after": "2025-09-06T23:59:59Z",
            "not_before": "2024-08-08T00:00:00Z",
            "options": [
              {
                "certificate_transparency_logging_preference": "ENABLED"
              }
            ],
            "pending_renewal": false,
            "private_key": null,
            "renewal_eligibility": "ELIGIBLE",
            "renewal_summary": [],
            "status": "ISSUED",
            "subject_alternative_names": [
              "vault-plugin-wif.jrepnak.sbx.hashidemos.io"
            ],
            "tags": {},
            "tags_all": {},
            "type": "AMAZON_ISSUED",
            "validation_emails": [],
            "validation_method": "DNS",
            "validation_option": []
          },
          "sensitive_attributes": [
            [
              {
                "type": "get_attr",
                "value": "private_key"
              }
            ]
          ],
          "private": "bnVsbA=="
        }
      ]
    },
    {
      "mode": "managed",
      "type": "aws_acm_certificate_validation",
      "name": "example",
      "provider": "provider[\"registry.terraform.io/hashicorp/aws\"]",
      "instances": [
        {
          "schema_version": 0,
          "attributes": {
            "certificate_arn": "arn:aws:acm:eu-north-1:143332470013:certificate/28695d8c-d5c7-44c7-b62b-0b99050c7edd",
            "id": "2024-08-08 09:17:32.811 +0000 UTC",
            "timeouts": null,
            "validation_record_fqdns": [
              "_4e62b75262916308963da587d05457df.vault-plugin-wif.jrepnak.sbx.hashidemos.io"
            ]
          },
          "sensitive_attributes": [],
          "private": "eyJlMmJmYjczMC1lY2FhLTExZTYtOGY4OC0zNDM2M2JjN2M0YzAiOnsiY3JlYXRlIjo0NTAwMDAwMDAwMDAwfX0=",
          "dependencies": [
            "aws_acm_certificate.example",
            "aws_route53_record.example",
            "data.aws_route53_zone.example"
          ]
        }
      ]
    },
    {
      "mode": "managed",
      "type": "aws_api_gateway_base_path_mapping",
      "name": "example",
      "provider": "provider[\"registry.terraform.io/hashicorp/aws\"]",
      "instances": [
        {
          "schema_version": 0,
          "attributes": {
            "api_id": "l294gwz2m9",
            "base_path": "",
            "domain_name": "vault-plugin-wif.jrepnak.sbx.hashidemos.io",
            "id": "vault-plugin-wif.jrepnak.sbx.hashidemos.io/",
            "stage_name": "v1"
          },
          "sensitive_attributes": [],
          "private": "bnVsbA==",
          "dependencies": [
            "aws_acm_certificate.example",
            "aws_acm_certificate_validation.example",
            "aws_api_gateway_deployment.example",
            "aws_api_gateway_domain_name.example",
            "aws_api_gateway_rest_api.example",
            "aws_api_gateway_stage.example",
            "aws_route53_record.example",
            "data.aws_route53_zone.example"
          ]
        }
      ]
    },
    {
      "mode": "managed",
      "type": "aws_api_gateway_deployment",
      "name": "example",
      "provider": "provider[\"registry.terraform.io/hashicorp/aws\"]",
      "instances": [
        {
          "schema_version": 0,
          "attributes": {
            "canary_settings": [],
            "created_date": "2024-08-08T09:21:20Z",
            "description": "",
            "execution_arn": "arn:aws:execute-api:eu-north-1:143332470013:l294gwz2m9/",
            "id": "vwyi4n",
            "invoke_url": "https://l294gwz2m9.execute-api.eu-north-1.amazonaws.com/",
            "rest_api_id": "l294gwz2m9",
            "stage_description": null,
            "stage_name": null,
            "triggers": {
              "redeployment": "bbae99584e0f4150307ed57a1bb1d3f16b648f7a"
            },
            "variables": null
          },
          "sensitive_attributes": [],
          "private": "bnVsbA==",
          "dependencies": [
            "aws_api_gateway_rest_api.example"
          ],
          "create_before_destroy": true
        }
      ]
    },
    {
      "mode": "managed",
      "type": "aws_api_gateway_domain_name",
      "name": "example",
      "provider": "provider[\"registry.terraform.io/hashicorp/aws\"]",
      "instances": [
        {
          "schema_version": 0,
          "attributes": {
            "arn": "arn:aws:apigateway:eu-north-1::/domainnames/vault-plugin-wif.jrepnak.sbx.hashidemos.io",
            "certificate_arn": "",
            "certificate_body": null,
            "certificate_chain": null,
            "certificate_name": "",
            "certificate_private_key": null,
            "certificate_upload_date": "2024-08-08T09:18:05Z",
            "cloudfront_domain_name": "",
            "cloudfront_zone_id": "Z2FDTNDATAQYW2",
            "domain_name": "vault-plugin-wif.jrepnak.sbx.hashidemos.io",
            "endpoint_configuration": [
              {
                "types": [
                  "REGIONAL"
                ]
              }
            ],
            "id": "vault-plugin-wif.jrepnak.sbx.hashidemos.io",
            "mutual_tls_authentication": [],
            "ownership_verification_certificate_arn": "",
            "regional_certificate_arn": "arn:aws:acm:eu-north-1:143332470013:certificate/28695d8c-d5c7-44c7-b62b-0b99050c7edd",
            "regional_certificate_name": "",
            "regional_domain_name": "d-q9whpdgzz0.execute-api.eu-north-1.amazonaws.com",
            "regional_zone_id": "Z3UWIKFBOOGXPP",
            "security_policy": "TLS_1_2",
            "tags": {},
            "tags_all": {}
          },
          "sensitive_attributes": [
            [
              {
                "type": "get_attr",
                "value": "certificate_private_key"
              }
            ]
          ],
          "private": "bnVsbA==",
          "dependencies": [
            "aws_acm_certificate.example",
            "aws_acm_certificate_validation.example",
            "aws_route53_record.example",
            "data.aws_route53_zone.example"
          ]
        }
      ]
    },
    {
      "mode": "managed",
      "type": "aws_api_gateway_rest_api",
      "name": "example",
      "provider": "provider[\"registry.terraform.io/hashicorp/aws\"]",
      "instances": [
        {
          "schema_version": 0,
          "attributes": {
            "api_key_source": "HEADER",
            "arn": "arn:aws:apigateway:eu-north-1::/restapis/l294gwz2m9",
            "binary_media_types": [],
            "body": "{\"info\":{\"title\":\"Plugin WIF Proxy\",\"version\":\"1.0\"},\"openapi\":\"3.0.1\",\"paths\":{\"v1/identity/oidc/plugins/.well-known/keys\":{\"get\":{\"x-amazon-apigateway-integration\":{\"connectionId\":\"ko8eog\",\"connectionType\":\"VPC_LINK\",\"httpMethod\":\"GET\",\"payloadFormatVersion\":\"1.0\",\"type\":\"HTTP_PROXY\",\"uri\":\"https://jrx-vault-is-vault-lb-0f6ee423f930a824.elb.eu-north-1.amazonaws.com:8200/v1/identity/oidc/plugins/.well-known/keys\"}}},\"v1/identity/oidc/plugins/.well-known/openid-configuration\":{\"get\":{\"x-amazon-apigateway-integration\":{\"connectionId\":\"ko8eog\",\"connectionType\":\"VPC_LINK\",\"httpMethod\":\"GET\",\"payloadFormatVersion\":\"1.0\",\"type\":\"HTTP_PROXY\",\"uri\":\"https://jrx-vault-is-vault-lb-0f6ee423f930a824.elb.eu-north-1.amazonaws.com:8200/v1/identity/oidc/plugins/.well-known/openid-configuration\"}}}}}",
            "created_date": "2024-08-08T09:21:19Z",
            "description": "",
            "disable_execute_api_endpoint": false,
            "endpoint_configuration": [
              {
                "types": [
                  "REGIONAL"
                ],
                "vpc_endpoint_ids": []
              }
            ],
            "execution_arn": "arn:aws:execute-api:eu-north-1:143332470013:l294gwz2m9",
            "fail_on_warnings": null,
            "id": "l294gwz2m9",
            "minimum_compression_size": "",
            "name": "Plugin WIF Proxy",
            "parameters": null,
            "policy": "",
            "put_rest_api_mode": null,
            "root_resource_id": "3fwb594ced",
            "tags": null,
            "tags_all": {}
          },
          "sensitive_attributes": [],
          "private": "bnVsbA==",
          "create_before_destroy": true
        }
      ]
    },
    {
      "mode": "managed",
      "type": "aws_api_gateway_stage",
      "name": "example",
      "provider": "provider[\"registry.terraform.io/hashicorp/aws\"]",
      "instances": [
        {
          "schema_version": 0,
          "attributes": {
            "access_log_settings": [],
            "arn": "arn:aws:apigateway:eu-north-1::/restapis/l294gwz2m9/stages/v1",
            "cache_cluster_enabled": false,
            "cache_cluster_size": "",
            "canary_settings": [],
            "client_certificate_id": "",
            "deployment_id": "vwyi4n",
            "description": "",
            "documentation_version": "",
            "execution_arn": "arn:aws:execute-api:eu-north-1:143332470013:l294gwz2m9/v1",
            "id": "ags-l294gwz2m9-v1",
            "invoke_url": "https://l294gwz2m9.execute-api.eu-north-1.amazonaws.com/v1",
            "rest_api_id": "l294gwz2m9",
            "stage_name": "v1",
            "tags": null,
            "tags_all": {},
            "variables": null,
            "web_acl_arn": "",
            "xray_tracing_enabled": false
          },
          "sensitive_attributes": [],
          "private": "bnVsbA==",
          "dependencies": [
            "aws_api_gateway_deployment.example",
            "aws_api_gateway_rest_api.example"
          ]
        }
      ]
    },
    {
      "mode": "managed",
      "type": "aws_route53_record",
      "name": "domain",
      "provider": "provider[\"registry.terraform.io/hashicorp/aws\"]",
      "instances": [
        {
          "schema_version": 2,
          "attributes": {
            "alias": [
              {
                "evaluate_target_health": true,
                "name": "d-q9whpdgzz0.execute-api.eu-north-1.amazonaws.com",
                "zone_id": "Z3UWIKFBOOGXPP"
              }
            ],
            "allow_overwrite": null,
            "cidr_routing_policy": [],
            "failover_routing_policy": [],
            "fqdn": "vault-plugin-wif.jrepnak.sbx.hashidemos.io",
            "geolocation_routing_policy": [],
            "geoproximity_routing_policy": [],
            "health_check_id": "",
            "id": "Z02636402ZGQ9YYR3M24I_vault-plugin-wif.jrepnak.sbx.hashidemos.io_A",
            "latency_routing_policy": [],
            "multivalue_answer_routing_policy": false,
            "name": "vault-plugin-wif.jrepnak.sbx.hashidemos.io",
            "records": [],
            "set_identifier": "",
            "ttl": 0,
            "type": "A",
            "weighted_routing_policy": [],
            "zone_id": "Z02636402ZGQ9YYR3M24I"
          },
          "sensitive_attributes": [],
          "private": "eyJzY2hlbWFfdmVyc2lvbiI6IjIifQ==",
          "dependencies": [
            "aws_acm_certificate.example",
            "aws_acm_certificate_validation.example",
            "aws_api_gateway_domain_name.example",
            "aws_route53_record.example",
            "data.aws_route53_zone.example"
          ]
        }
      ]
    },
    {
      "mode": "managed",
      "type": "aws_route53_record",
      "name": "example",
      "provider": "provider[\"registry.terraform.io/hashicorp/aws\"]",
      "instances": [
        {
          "index_key": "vault-plugin-wif.jrepnak.sbx.hashidemos.io",
          "schema_version": 2,
          "attributes": {
            "alias": [],
            "allow_overwrite": true,
            "cidr_routing_policy": [],
            "failover_routing_policy": [],
            "fqdn": "_4e62b75262916308963da587d05457df.vault-plugin-wif.jrepnak.sbx.hashidemos.io",
            "geolocation_routing_policy": [],
            "geoproximity_routing_policy": [],
            "health_check_id": "",
            "id": "Z02636402ZGQ9YYR3M24I__4e62b75262916308963da587d05457df.vault-plugin-wif.jrepnak.sbx.hashidemos.io._CNAME",
            "latency_routing_policy": [],
            "multivalue_answer_routing_policy": false,
            "name": "_4e62b75262916308963da587d05457df.vault-plugin-wif.jrepnak.sbx.hashidemos.io",
            "records": [
              "_4d4269a5dfd8c3a07d98e498c6c52af4.sdgjtdhdhz.acm-validations.aws."
            ],
            "set_identifier": "",
            "ttl": 60,
            "type": "CNAME",
            "weighted_routing_policy": [],
            "zone_id": "Z02636402ZGQ9YYR3M24I"
          },
          "sensitive_attributes": [],
          "private": "eyJzY2hlbWFfdmVyc2lvbiI6IjIifQ==",
          "dependencies": [
            "aws_acm_certificate.example",
            "data.aws_route53_zone.example"
          ]
        }
      ]
    }
  ],
  "check_results": null
}
